// !$*UTF8*$!
{
	archiveVersion = 1;
	classes = {
	};
	objectVersion = 50;
	objects = {

/* Begin PBXBuildFile section */
		0D1C13E522F51C6E0010ED7B /* Weather.swift in Sources */ = {isa = PBXBuildFile; fileRef = 0D1C13E422F51C6E0010ED7B /* Weather.swift */; };
		0D2A5A7422F5160F008E3390 /* AppDelegate.swift in Sources */ = {isa = PBXBuildFile; fileRef = 0D2A5A7322F5160F008E3390 /* AppDelegate.swift */; };
		0D2A5A7622F5160F008E3390 /* SceneDelegate.swift in Sources */ = {isa = PBXBuildFile; fileRef = 0D2A5A7522F5160F008E3390 /* SceneDelegate.swift */; };
		0D2A5A7822F5160F008E3390 /* ViewController.swift in Sources */ = {isa = PBXBuildFile; fileRef = 0D2A5A7722F5160F008E3390 /* ViewController.swift */; };
		0D2A5A7B22F5160F008E3390 /* Main.storyboard in Resources */ = {isa = PBXBuildFile; fileRef = 0D2A5A7922F5160F008E3390 /* Main.storyboard */; };
		0D2A5A7D22F51611008E3390 /* Assets.xcassets in Resources */ = {isa = PBXBuildFile; fileRef = 0D2A5A7C22F51611008E3390 /* Assets.xcassets */; };
		0D2A5A8022F51611008E3390 /* LaunchScreen.storyboard in Resources */ = {isa = PBXBuildFile; fileRef = 0D2A5A7E22F51611008E3390 /* LaunchScreen.storyboard */; };
		0D2A5A8B22F51612008E3390 /* WeatherBeatsTests.swift in Sources */ = {isa = PBXBuildFile; fileRef = 0D2A5A8A22F51612008E3390 /* WeatherBeatsTests.swift */; };
		0D2A5A9622F51612008E3390 /* WeatherBeatsUITests.swift in Sources */ = {isa = PBXBuildFile; fileRef = 0D2A5A9522F51612008E3390 /* WeatherBeatsUITests.swift */; };
		0D568FC322F7CBEE009090A7 /* happyoji.jpg in Resources */ = {isa = PBXBuildFile; fileRef = 0D568FC222F7CBEE009090A7 /* happyoji.jpg */; };
		0D568FC522F7CBFA009090A7 /* sadmoji.jpeg in Resources */ = {isa = PBXBuildFile; fileRef = 0D568FC422F7CBF9009090A7 /* sadmoji.jpeg */; };
		0DBCC59622F8DE6F0080DE78 /* cloudy.jpg in Resources */ = {isa = PBXBuildFile; fileRef = 0DBCC59522F8DE6E0080DE78 /* cloudy.jpg */; };
		0DBCC59822F8DE7C0080DE78 /* storm.jpg in Resources */ = {isa = PBXBuildFile; fileRef = 0DBCC59722F8DE7C0080DE78 /* storm.jpg */; };
		0DBCC59A22F8DE840080DE78 /* sunny.jpg in Resources */ = {isa = PBXBuildFile; fileRef = 0DBCC59922F8DE840080DE78 /* sunny.jpg */; };
		0DBCC59C22F8DE8D0080DE78 /* rain.jpeg in Resources */ = {isa = PBXBuildFile; fileRef = 0DBCC59B22F8DE8D0080DE78 /* rain.jpeg */; };
		0DBCC59E22F8EE1D0080DE78 /* sadRain.mp3 in Resources */ = {isa = PBXBuildFile; fileRef = 0DBCC59D22F8EE1D0080DE78 /* sadRain.mp3 */; };
		0DBCC5A022F8F1F20080DE78 /* sadThunder.mp3 in Resources */ = {isa = PBXBuildFile; fileRef = 0DBCC59F22F8F1F20080DE78 /* sadThunder.mp3 */; };
		0DBCC5A222F8F8120080DE78 /* happyRain.mp3 in Resources */ = {isa = PBXBuildFile; fileRef = 0DBCC5A122F8F8120080DE78 /* happyRain.mp3 */; };
		0DBCC5A422F8F8800080DE78 /* happyThunder.mp3 in Resources */ = {isa = PBXBuildFile; fileRef = 0DBCC5A322F8F8800080DE78 /* happyThunder.mp3 */; };
		0DBCC5A622F8F9AB0080DE78 /* blizzard.jpg in Resources */ = {isa = PBXBuildFile; fileRef = 0DBCC5A522F8F9AB0080DE78 /* blizzard.jpg */; };
		0DBCC5A822F8FA4C0080DE78 /* happySnow.mp3 in Resources */ = {isa = PBXBuildFile; fileRef = 0DBCC5A722F8FA4C0080DE78 /* happySnow.mp3 */; };
		0DBCC5AA22F8FC660080DE78 /* happySun.mp3 in Resources */ = {isa = PBXBuildFile; fileRef = 0DBCC5A922F8FC660080DE78 /* happySun.mp3 */; };
		0DBCC5AC22F959520080DE78 /* happyCloud.mp3 in Resources */ = {isa = PBXBuildFile; fileRef = 0DBCC5AB22F959520080DE78 /* happyCloud.mp3 */; };
		0DBCC5AE22F959780080DE78 /* sadCloud.mp3 in Resources */ = {isa = PBXBuildFile; fileRef = 0DBCC5AD22F959780080DE78 /* sadCloud.mp3 */; };
		0DBCC5B022F95F870080DE78 /* sadSun.mp3 in Resources */ = {isa = PBXBuildFile; fileRef = 0DBCC5AF22F95F870080DE78 /* sadSun.mp3 */; };
		0DBCC5B222F95F8E0080DE78 /* sadSnow.mp3 in Resources */ = {isa = PBXBuildFile; fileRef = 0DBCC5B122F95F8E0080DE78 /* sadSnow.mp3 */; };
/* End PBXBuildFile section */

/* Begin PBXContainerItemProxy section */
		0D2A5A8722F51612008E3390 /* PBXContainerItemProxy */ = {
			isa = PBXContainerItemProxy;
			containerPortal = 0D2A5A6822F5160F008E3390 /* Project object */;
			proxyType = 1;
			remoteGlobalIDString = 0D2A5A6F22F5160F008E3390;
			remoteInfo = WeatherBeats;
		};
		0D2A5A9222F51612008E3390 /* PBXContainerItemProxy */ = {
			isa = PBXContainerItemProxy;
			containerPortal = 0D2A5A6822F5160F008E3390 /* Project object */;
			proxyType = 1;
			remoteGlobalIDString = 0D2A5A6F22F5160F008E3390;
			remoteInfo = WeatherBeats;
		};
/* End PBXContainerItemProxy section */

/* Begin PBXFileReference section */
		0D1C13E422F51C6E0010ED7B /* Weather.swift */ = {isa = PBXFileReference; lastKnownFileType = sourcecode.swift; path = Weather.swift; sourceTree = "<group>"; };
		0D2A5A7022F5160F008E3390 /* WeatherBeats.app */ = {isa = PBXFileReference; explicitFileType = wrapper.application; includeInIndex = 0; path = WeatherBeats.app; sourceTree = BUILT_PRODUCTS_DIR; };
		0D2A5A7322F5160F008E3390 /* AppDelegate.swift */ = {isa = PBXFileReference; lastKnownFileType = sourcecode.swift; path = AppDelegate.swift; sourceTree = "<group>"; };
		0D2A5A7522F5160F008E3390 /* SceneDelegate.swift */ = {isa = PBXFileReference; lastKnownFileType = sourcecode.swift; path = SceneDelegate.swift; sourceTree = "<group>"; };
		0D2A5A7722F5160F008E3390 /* ViewController.swift */ = {isa = PBXFileReference; lastKnownFileType = sourcecode.swift; path = ViewController.swift; sourceTree = "<group>"; };
		0D2A5A7A22F5160F008E3390 /* Base */ = {isa = PBXFileReference; lastKnownFileType = file.storyboard; name = Base; path = Base.lproj/Main.storyboard; sourceTree = "<group>"; };
		0D2A5A7C22F51611008E3390 /* Assets.xcassets */ = {isa = PBXFileReference; lastKnownFileType = folder.assetcatalog; path = Assets.xcassets; sourceTree = "<group>"; };
		0D2A5A7F22F51611008E3390 /* Base */ = {isa = PBXFileReference; lastKnownFileType = file.storyboard; name = Base; path = Base.lproj/LaunchScreen.storyboard; sourceTree = "<group>"; };
		0D2A5A8122F51611008E3390 /* Info.plist */ = {isa = PBXFileReference; lastKnownFileType = text.plist.xml; path = Info.plist; sourceTree = "<group>"; };
		0D2A5A8622F51612008E3390 /* WeatherBeatsTests.xctest */ = {isa = PBXFileReference; explicitFileType = wrapper.cfbundle; includeInIndex = 0; path = WeatherBeatsTests.xctest; sourceTree = BUILT_PRODUCTS_DIR; };
		0D2A5A8A22F51612008E3390 /* WeatherBeatsTests.swift */ = {isa = PBXFileReference; lastKnownFileType = sourcecode.swift; path = WeatherBeatsTests.swift; sourceTree = "<group>"; };
		0D2A5A8C22F51612008E3390 /* Info.plist */ = {isa = PBXFileReference; lastKnownFileType = text.plist.xml; path = Info.plist; sourceTree = "<group>"; };
		0D2A5A9122F51612008E3390 /* WeatherBeatsUITests.xctest */ = {isa = PBXFileReference; explicitFileType = wrapper.cfbundle; includeInIndex = 0; path = WeatherBeatsUITests.xctest; sourceTree = BUILT_PRODUCTS_DIR; };
		0D2A5A9522F51612008E3390 /* WeatherBeatsUITests.swift */ = {isa = PBXFileReference; lastKnownFileType = sourcecode.swift; path = WeatherBeatsUITests.swift; sourceTree = "<group>"; };
		0D2A5A9722F51612008E3390 /* Info.plist */ = {isa = PBXFileReference; lastKnownFileType = text.plist.xml; path = Info.plist; sourceTree = "<group>"; };
		0D568FC222F7CBEE009090A7 /* happyoji.jpg */ = {isa = PBXFileReference; lastKnownFileType = image.jpeg; path = happyoji.jpg; sourceTree = "<group>"; };
		0D568FC422F7CBF9009090A7 /* sadmoji.jpeg */ = {isa = PBXFileReference; lastKnownFileType = image.jpeg; path = sadmoji.jpeg; sourceTree = "<group>"; };
		0DBCC59522F8DE6E0080DE78 /* cloudy.jpg */ = {isa = PBXFileReference; lastKnownFileType = image.jpeg; path = cloudy.jpg; sourceTree = "<group>"; };
		0DBCC59722F8DE7C0080DE78 /* storm.jpg */ = {isa = PBXFileReference; lastKnownFileType = image.jpeg; path = storm.jpg; sourceTree = "<group>"; };
		0DBCC59922F8DE840080DE78 /* sunny.jpg */ = {isa = PBXFileReference; lastKnownFileType = image.jpeg; path = sunny.jpg; sourceTree = "<group>"; };
		0DBCC59B22F8DE8D0080DE78 /* rain.jpeg */ = {isa = PBXFileReference; lastKnownFileType = image.jpeg; path = rain.jpeg; sourceTree = "<group>"; };
		0DBCC59D22F8EE1D0080DE78 /* sadRain.mp3 */ = {isa = PBXFileReference; lastKnownFileType = audio.mp3; path = sadRain.mp3; sourceTree = "<group>"; };
		0DBCC59F22F8F1F20080DE78 /* sadThunder.mp3 */ = {isa = PBXFileReference; lastKnownFileType = audio.mp3; path = sadThunder.mp3; sourceTree = "<group>"; };
		0DBCC5A122F8F8120080DE78 /* happyRain.mp3 */ = {isa = PBXFileReference; lastKnownFileType = audio.mp3; path = happyRain.mp3; sourceTree = "<group>"; };
		0DBCC5A322F8F8800080DE78 /* happyThunder.mp3 */ = {isa = PBXFileReference; lastKnownFileType = audio.mp3; path = happyThunder.mp3; sourceTree = "<group>"; };
		0DBCC5A522F8F9AB0080DE78 /* blizzard.jpg */ = {isa = PBXFileReference; lastKnownFileType = image.jpeg; path = blizzard.jpg; sourceTree = "<group>"; };
		0DBCC5A722F8FA4C0080DE78 /* happySnow.mp3 */ = {isa = PBXFileReference; lastKnownFileType = audio.mp3; path = happySnow.mp3; sourceTree = "<group>"; };
		0DBCC5A922F8FC660080DE78 /* happySun.mp3 */ = {isa = PBXFileReference; lastKnownFileType = audio.mp3; path = happySun.mp3; sourceTree = "<group>"; };
		0DBCC5AB22F959520080DE78 /* happyCloud.mp3 */ = {isa = PBXFileReference; lastKnownFileType = audio.mp3; path = happyCloud.mp3; sourceTree = "<group>"; };
		0DBCC5AD22F959780080DE78 /* sadCloud.mp3 */ = {isa = PBXFileReference; lastKnownFileType = audio.mp3; path = sadCloud.mp3; sourceTree = "<group>"; };
		0DBCC5AF22F95F870080DE78 /* sadSun.mp3 */ = {isa = PBXFileReference; lastKnownFileType = audio.mp3; path = sadSun.mp3; sourceTree = "<group>"; };
		0DBCC5B122F95F8E0080DE78 /* sadSnow.mp3 */ = {isa = PBXFileReference; lastKnownFileType = audio.mp3; path = sadSnow.mp3; sourceTree = "<group>"; };
/* End PBXFileReference section */

/* Begin PBXFrameworksBuildPhase section */
		0D2A5A6D22F5160F008E3390 /* Frameworks */ = {
			isa = PBXFrameworksBuildPhase;
			buildActionMask = 2147483647;
			files = (
			);
			runOnlyForDeploymentPostprocessing = 0;
		};
		0D2A5A8322F51612008E3390 /* Frameworks */ = {
			isa = PBXFrameworksBuildPhase;
			buildActionMask = 2147483647;
			files = (
			);
			runOnlyForDeploymentPostprocessing = 0;
		};
		0D2A5A8E22F51612008E3390 /* Frameworks */ = {
			isa = PBXFrameworksBuildPhase;
			buildActionMask = 2147483647;
			files = (
			);
			runOnlyForDeploymentPostprocessing = 0;
		};
/* End PBXFrameworksBuildPhase section */

/* Begin PBXGroup section */
		0D2A5A6722F5160F008E3390 = {
			isa = PBXGroup;
			children = (
				0D2A5A7222F5160F008E3390 /* WeatherBeats */,
				0D2A5A8922F51612008E3390 /* WeatherBeatsTests */,
				0D2A5A9422F51612008E3390 /* WeatherBeatsUITests */,
				0D2A5A7122F5160F008E3390 /* Products */,
			);
			sourceTree = "<group>";
		};
		0D2A5A7122F5160F008E3390 /* Products */ = {
			isa = PBXGroup;
			children = (
				0D2A5A7022F5160F008E3390 /* WeatherBeats.app */,
				0D2A5A8622F51612008E3390 /* WeatherBeatsTests.xctest */,
				0D2A5A9122F51612008E3390 /* WeatherBeatsUITests.xctest */,
			);
			name = Products;
			sourceTree = "<group>";
		};
		0D2A5A7222F5160F008E3390 /* WeatherBeats */ = {
			isa = PBXGroup;
			children = (
				0D568FC222F7CBEE009090A7 /* happyoji.jpg */,
				0D568FC422F7CBF9009090A7 /* sadmoji.jpeg */,
				0DBCC59F22F8F1F20080DE78 /* sadThunder.mp3 */,
				0DBCC59522F8DE6E0080DE78 /* cloudy.jpg */,
				0DBCC5A522F8F9AB0080DE78 /* blizzard.jpg */,
				0DBCC5AB22F959520080DE78 /* happyCloud.mp3 */,
				0DBCC5B122F95F8E0080DE78 /* sadSnow.mp3 */,
				0DBCC5AD22F959780080DE78 /* sadCloud.mp3 */,
				0DBCC5AF22F95F870080DE78 /* sadSun.mp3 */,
				0DBCC5A122F8F8120080DE78 /* happyRain.mp3 */,
				0DBCC59D22F8EE1D0080DE78 /* sadRain.mp3 */,
				0DBCC5A922F8FC660080DE78 /* happySun.mp3 */,
				0DBCC59722F8DE7C0080DE78 /* storm.jpg */,
				0DBCC5A722F8FA4C0080DE78 /* happySnow.mp3 */,
				0DBCC59B22F8DE8D0080DE78 /* rain.jpeg */,
				0DBCC59922F8DE840080DE78 /* sunny.jpg */,
				0DBCC5A322F8F8800080DE78 /* happyThunder.mp3 */,
				0D2A5A7322F5160F008E3390 /* AppDelegate.swift */,
				0D2A5A7522F5160F008E3390 /* SceneDelegate.swift */,
				0D2A5A7722F5160F008E3390 /* ViewController.swift */,
				0D2A5A7922F5160F008E3390 /* Main.storyboard */,
				0D2A5A7C22F51611008E3390 /* Assets.xcassets */,
				0D2A5A7E22F51611008E3390 /* LaunchScreen.storyboard */,
				0D2A5A8122F51611008E3390 /* Info.plist */,
				0D1C13E422F51C6E0010ED7B /* Weather.swift */,
			);
			path = WeatherBeats;
			sourceTree = "<group>";
		};
		0D2A5A8922F51612008E3390 /* WeatherBeatsTests */ = {
			isa = PBXGroup;
			children = (
				0D2A5A8A22F51612008E3390 /* WeatherBeatsTests.swift */,
				0D2A5A8C22F51612008E3390 /* Info.plist */,
			);
			path = WeatherBeatsTests;
			sourceTree = "<group>";
		};
		0D2A5A9422F51612008E3390 /* WeatherBeatsUITests */ = {
			isa = PBXGroup;
			children = (
				0D2A5A9522F51612008E3390 /* WeatherBeatsUITests.swift */,
				0D2A5A9722F51612008E3390 /* Info.plist */,
			);
			path = WeatherBeatsUITests;
			sourceTree = "<group>";
		};
/* End PBXGroup section */

/* Begin PBXNativeTarget section */
		0D2A5A6F22F5160F008E3390 /* WeatherBeats */ = {
			isa = PBXNativeTarget;
			buildConfigurationList = 0D2A5A9A22F51612008E3390 /* Build configuration list for PBXNativeTarget "WeatherBeats" */;
			buildPhases = (
				0D2A5A6C22F5160F008E3390 /* Sources */,
				0D2A5A6D22F5160F008E3390 /* Frameworks */,
				0D2A5A6E22F5160F008E3390 /* Resources */,
			);
			buildRules = (
			);
			dependencies = (
			);
			name = WeatherBeats;
			productName = WeatherBeats;
			productReference = 0D2A5A7022F5160F008E3390 /* WeatherBeats.app */;
			productType = "com.apple.product-type.application";
		};
		0D2A5A8522F51612008E3390 /* WeatherBeatsTests */ = {
			isa = PBXNativeTarget;
			buildConfigurationList = 0D2A5A9D22F51612008E3390 /* Build configuration list for PBXNativeTarget "WeatherBeatsTests" */;
			buildPhases = (
				0D2A5A8222F51612008E3390 /* Sources */,
				0D2A5A8322F51612008E3390 /* Frameworks */,
				0D2A5A8422F51612008E3390 /* Resources */,
			);
			buildRules = (
			);
			dependencies = (
				0D2A5A8822F51612008E3390 /* PBXTargetDependency */,
			);
			name = WeatherBeatsTests;
			productName = WeatherBeatsTests;
			productReference = 0D2A5A8622F51612008E3390 /* WeatherBeatsTests.xctest */;
			productType = "com.apple.product-type.bundle.unit-test";
		};
		0D2A5A9022F51612008E3390 /* WeatherBeatsUITests */ = {
			isa = PBXNativeTarget;
			buildConfigurationList = 0D2A5AA022F51612008E3390 /* Build configuration list for PBXNativeTarget "WeatherBeatsUITests" */;
			buildPhases = (
				0D2A5A8D22F51612008E3390 /* Sources */,
				0D2A5A8E22F51612008E3390 /* Frameworks */,
				0D2A5A8F22F51612008E3390 /* Resources */,
			);
			buildRules = (
			);
			dependencies = (
				0D2A5A9322F51612008E3390 /* PBXTargetDependency */,
			);
			name = WeatherBeatsUITests;
			productName = WeatherBeatsUITests;
			productReference = 0D2A5A9122F51612008E3390 /* WeatherBeatsUITests.xctest */;
			productType = "com.apple.product-type.bundle.ui-testing";
		};
/* End PBXNativeTarget section */

/* Begin PBXProject section */
		0D2A5A6822F5160F008E3390 /* Project object */ = {
			isa = PBXProject;
			attributes = {
				LastSwiftUpdateCheck = 1100;
				LastUpgradeCheck = 1100;
				ORGANIZATIONNAME = "Jaeson Booker";
				TargetAttributes = {
					0D2A5A6F22F5160F008E3390 = {
						CreatedOnToolsVersion = 11.0;
					};
					0D2A5A8522F51612008E3390 = {
						CreatedOnToolsVersion = 11.0;
						TestTargetID = 0D2A5A6F22F5160F008E3390;
					};
					0D2A5A9022F51612008E3390 = {
						CreatedOnToolsVersion = 11.0;
						TestTargetID = 0D2A5A6F22F5160F008E3390;
					};
				};
			};
			buildConfigurationList = 0D2A5A6B22F5160F008E3390 /* Build configuration list for PBXProject "WeatherBeats" */;
			compatibilityVersion = "Xcode 9.3";
			developmentRegion = en;
			hasScannedForEncodings = 0;
			knownRegions = (
				en,
				Base,
			);
			mainGroup = 0D2A5A6722F5160F008E3390;
			productRefGroup = 0D2A5A7122F5160F008E3390 /* Products */;
			projectDirPath = "";
			projectRoot = "";
			targets = (
				0D2A5A6F22F5160F008E3390 /* WeatherBeats */,
				0D2A5A8522F51612008E3390 /* WeatherBeatsTests */,
				0D2A5A9022F51612008E3390 /* WeatherBeatsUITests */,
			);
		};
/* End PBXProject section */

/* Begin PBXResourcesBuildPhase section */
		0D2A5A6E22F5160F008E3390 /* Resources */ = {
			isa = PBXResourcesBuildPhase;
			buildActionMask = 2147483647;
			files = (
				0DBCC5A422F8F8800080DE78 /* happyThunder.mp3 in Resources */,
				0D2A5A8022F51611008E3390 /* LaunchScreen.storyboard in Resources */,
				0DBCC59C22F8DE8D0080DE78 /* rain.jpeg in Resources */,
				0DBCC5A622F8F9AB0080DE78 /* blizzard.jpg in Resources */,
				0D2A5A7D22F51611008E3390 /* Assets.xcassets in Resources */,
				0DBCC5A822F8FA4C0080DE78 /* happySnow.mp3 in Resources */,
				0D568FC522F7CBFA009090A7 /* sadmoji.jpeg in Resources */,
				0DBCC5AC22F959520080DE78 /* happyCloud.mp3 in Resources */,
				0DBCC5B022F95F870080DE78 /* sadSun.mp3 in Resources */,
				0DBCC59622F8DE6F0080DE78 /* cloudy.jpg in Resources */,
				0D2A5A7B22F5160F008E3390 /* Main.storyboard in Resources */,
				0DBCC5A222F8F8120080DE78 /* happyRain.mp3 in Resources */,
				0DBCC5A022F8F1F20080DE78 /* sadThunder.mp3 in Resources */,
				0DBCC5AE22F959780080DE78 /* sadCloud.mp3 in Resources */,
				0DBCC59A22F8DE840080DE78 /* sunny.jpg in Resources */,
				0DBCC5AA22F8FC660080DE78 /* happySun.mp3 in Resources */,
				0DBCC5B222F95F8E0080DE78 /* sadSnow.mp3 in Resources */,
				0D568FC322F7CBEE009090A7 /* happyoji.jpg in Resources */,
				0DBCC59822F8DE7C0080DE78 /* storm.jpg in Resources */,
				0DBCC59E22F8EE1D0080DE78 /* sadRain.mp3 in Resources */,
			);
			runOnlyForDeploymentPostprocessing = 0;
		};
		0D2A5A8422F51612008E3390 /* Resources */ = {
			isa = PBXResourcesBuildPhase;
			buildActionMask = 2147483647;
			files = (
			);
			runOnlyForDeploymentPostprocessing = 0;
		};
		0D2A5A8F22F51612008E3390 /* Resources */ = {
			isa = PBXResourcesBuildPhase;
			buildActionMask = 2147483647;
			files = (
			);
			runOnlyForDeploymentPostprocessing = 0;
		};
/* End PBXResourcesBuildPhase section */

/* Begin PBXSourcesBuildPhase section */
		0D2A5A6C22F5160F008E3390 /* Sources */ = {
			isa = PBXSourcesBuildPhase;
			buildActionMask = 2147483647;
			files = (
				0D1C13E522F51C6E0010ED7B /* Weather.swift in Sources */,
				0D2A5A7822F5160F008E3390 /* ViewController.swift in Sources */,
				0D2A5A7422F5160F008E3390 /* AppDelegate.swift in Sources */,
				0D2A5A7622F5160F008E3390 /* SceneDelegate.swift in Sources */,
			);
			runOnlyForDeploymentPostprocessing = 0;
		};
		0D2A5A8222F51612008E3390 /* Sources */ = {
			isa = PBXSourcesBuildPhase;
			buildActionMask = 2147483647;
			files = (
				0D2A5A8B22F51612008E3390 /* WeatherBeatsTests.swift in Sources */,
			);
			runOnlyForDeploymentPostprocessing = 0;
		};
		0D2A5A8D22F51612008E3390 /* Sources */ = {
			isa = PBXSourcesBuildPhase;
			buildActionMask = 2147483647;
			files = (
				0D2A5A9622F51612008E3390 /* WeatherBeatsUITests.swift in Sources */,
			);
			runOnlyForDeploymentPostprocessing = 0;
		};
/* End PBXSourcesBuildPhase section */

/* Begin PBXTargetDependency section */
		0D2A5A8822F51612008E3390 /* PBXTargetDependency */ = {
			isa = PBXTargetDependency;
			target = 0D2A5A6F22F5160F008E3390 /* WeatherBeats */;
			targetProxy = 0D2A5A8722F51612008E3390 /* PBXContainerItemProxy */;
		};
		0D2A5A9322F51612008E3390 /* PBXTargetDependency */ = {
			isa = PBXTargetDependency;
			target = 0D2A5A6F22F5160F008E3390 /* WeatherBeats */;
			targetProxy = 0D2A5A9222F51612008E3390 /* PBXContainerItemProxy */;
		};
/* End PBXTargetDependency section */

/* Begin PBXVariantGroup section */
		0D2A5A7922F5160F008E3390 /* Main.storyboard */ = {
			isa = PBXVariantGroup;
			children = (
				0D2A5A7A22F5160F008E3390 /* Base */,
			);
			name = Main.storyboard;
			sourceTree = "<group>";
		};
		0D2A5A7E22F51611008E3390 /* LaunchScreen.storyboard */ = {
			isa = PBXVariantGroup;
			children = (
				0D2A5A7F22F51611008E3390 /* Base */,
			);
			name = LaunchScreen.storyboard;
			sourceTree = "<group>";
		};
/* End PBXVariantGroup section */

/* Begin XCBuildConfiguration section */
		0D2A5A9822F51612008E3390 /* Debug */ = {
			isa = XCBuildConfiguration;
			buildSettings = {
				ALWAYS_SEARCH_USER_PATHS = NO;
				CLANG_ANALYZER_NONNULL = YES;
				CLANG_ANALYZER_NUMBER_OBJECT_CONVERSION = YES_AGGRESSIVE;
				CLANG_CXX_LANGUAGE_STANDARD = "gnu++14";
				CLANG_CXX_LIBRARY = "libc++";
				CLANG_ENABLE_MODULES = YES;
				CLANG_ENABLE_OBJC_ARC = YES;
				CLANG_ENABLE_OBJC_WEAK = YES;
				CLANG_WARN_BLOCK_CAPTURE_AUTORELEASING = YES;
				CLANG_WARN_BOOL_CONVERSION = YES;
				CLANG_WARN_COMMA = YES;
				CLANG_WARN_CONSTANT_CONVERSION = YES;
				CLANG_WARN_DEPRECATED_OBJC_IMPLEMENTATIONS = YES;
				CLANG_WARN_DIRECT_OBJC_ISA_USAGE = YES_ERROR;
				CLANG_WARN_DOCUMENTATION_COMMENTS = YES;
				CLANG_WARN_EMPTY_BODY = YES;
				CLANG_WARN_ENUM_CONVERSION = YES;
				CLANG_WARN_INFINITE_RECURSION = YES;
				CLANG_WARN_INT_CONVERSION = YES;
				CLANG_WARN_NON_LITERAL_NULL_CONVERSION = YES;
				CLANG_WARN_OBJC_IMPLICIT_RETAIN_SELF = YES;
				CLANG_WARN_OBJC_LITERAL_CONVERSION = YES;
				CLANG_WARN_OBJC_ROOT_CLASS = YES_ERROR;
				CLANG_WARN_RANGE_LOOP_ANALYSIS = YES;
				CLANG_WARN_STRICT_PROTOTYPES = YES;
				CLANG_WARN_SUSPICIOUS_MOVE = YES;
				CLANG_WARN_UNGUARDED_AVAILABILITY = YES_AGGRESSIVE;
				CLANG_WARN_UNREACHABLE_CODE = YES;
				CLANG_WARN__DUPLICATE_METHOD_MATCH = YES;
				COPY_PHASE_STRIP = NO;
				DEBUG_INFORMATION_FORMAT = dwarf;
				ENABLE_STRICT_OBJC_MSGSEND = YES;
				ENABLE_TESTABILITY = YES;
				GCC_C_LANGUAGE_STANDARD = gnu11;
				GCC_DYNAMIC_NO_PIC = NO;
				GCC_NO_COMMON_BLOCKS = YES;
				GCC_OPTIMIZATION_LEVEL = 0;
				GCC_PREPROCESSOR_DEFINITIONS = (
					"DEBUG=1",
					"$(inherited)",
				);
				GCC_WARN_64_TO_32_BIT_CONVERSION = YES;
				GCC_WARN_ABOUT_RETURN_TYPE = YES_ERROR;
				GCC_WARN_UNDECLARED_SELECTOR = YES;
				GCC_WARN_UNINITIALIZED_AUTOS = YES_AGGRESSIVE;
				GCC_WARN_UNUSED_FUNCTION = YES;
				GCC_WARN_UNUSED_VARIABLE = YES;
				IPHONEOS_DEPLOYMENT_TARGET = 13.0;
				MTL_ENABLE_DEBUG_INFO = INCLUDE_SOURCE;
				MTL_FAST_MATH = YES;
				ONLY_ACTIVE_ARCH = YES;
				SDKROOT = iphoneos;
				SWIFT_ACTIVE_COMPILATION_CONDITIONS = DEBUG;
				SWIFT_OPTIMIZATION_LEVEL = "-Onone";
			};
			name = Debug;
		};
		0D2A5A9922F51612008E3390 /* Release */ = {
			isa = XCBuildConfiguration;
			buildSettings = {
				ALWAYS_SEARCH_USER_PATHS = NO;
				CLANG_ANALYZER_NONNULL = YES;
				CLANG_ANALYZER_NUMBER_OBJECT_CONVERSION = YES_AGGRESSIVE;
				CLANG_CXX_LANGUAGE_STANDARD = "gnu++14";
				CLANG_CXX_LIBRARY = "libc++";
				CLANG_ENABLE_MODULES = YES;
				CLANG_ENABLE_OBJC_ARC = YES;
				CLANG_ENABLE_OBJC_WEAK = YES;
				CLANG_WARN_BLOCK_CAPTURE_AUTORELEASING = YES;
				CLANG_WARN_BOOL_CONVERSION = YES;
				CLANG_WARN_COMMA = YES;
				CLANG_WARN_CONSTANT_CONVERSION = YES;
				CLANG_WARN_DEPRECATED_OBJC_IMPLEMENTATIONS = YES;
				CLANG_WARN_DIRECT_OBJC_ISA_USAGE = YES_ERROR;
				CLANG_WARN_DOCUMENTATION_COMMENTS = YES;
				CLANG_WARN_EMPTY_BODY = YES;
				CLANG_WARN_ENUM_CONVERSION = YES;
				CLANG_WARN_INFINITE_RECURSION = YES;
				CLANG_WARN_INT_CONVERSION = YES;
				CLANG_WARN_NON_LITERAL_NULL_CONVERSION = YES;
				CLANG_WARN_OBJC_IMPLICIT_RETAIN_SELF = YES;
				CLANG_WARN_OBJC_LITERAL_CONVERSION = YES;
				CLANG_WARN_OBJC_ROOT_CLASS = YES_ERROR;
				CLANG_WARN_RANGE_LOOP_ANALYSIS = YES;
				CLANG_WARN_STRICT_PROTOTYPES = YES;
				CLANG_WARN_SUSPICIOUS_MOVE = YES;
				CLANG_WARN_UNGUARDED_AVAILABILITY = YES_AGGRESSIVE;
				CLANG_WARN_UNREACHABLE_CODE = YES;
				CLANG_WARN__DUPLICATE_METHOD_MATCH = YES;
				COPY_PHASE_STRIP = NO;
				DEBUG_INFORMATION_FORMAT = "dwarf-with-dsym";
				ENABLE_NS_ASSERTIONS = NO;
				ENABLE_STRICT_OBJC_MSGSEND = YES;
				GCC_C_LANGUAGE_STANDARD = gnu11;
				GCC_NO_COMMON_BLOCKS = YES;
				GCC_WARN_64_TO_32_BIT_CONVERSION = YES;
				GCC_WARN_ABOUT_RETURN_TYPE = YES_ERROR;
				GCC_WARN_UNDECLARED_SELECTOR = YES;
				GCC_WARN_UNINITIALIZED_AUTOS = YES_AGGRESSIVE;
				GCC_WARN_UNUSED_FUNCTION = YES;
				GCC_WARN_UNUSED_VARIABLE = YES;
				IPHONEOS_DEPLOYMENT_TARGET = 13.0;
				MTL_ENABLE_DEBUG_INFO = NO;
				MTL_FAST_MATH = YES;
				SDKROOT = iphoneos;
				SWIFT_COMPILATION_MODE = wholemodule;
				SWIFT_OPTIMIZATION_LEVEL = "-O";
				VALIDATE_PRODUCT = YES;
			};
			name = Release;
		};
		0D2A5A9B22F51612008E3390 /* Debug */ = {
			isa = XCBuildConfiguration;
			buildSettings = {
				ASSETCATALOG_COMPILER_APPICON_NAME = AppIcon;
				CODE_SIGN_STYLE = Automatic;
				DEVELOPMENT_TEAM = N4RVL5CZJP;
				INFOPLIST_FILE = WeatherBeats/Info.plist;
				IPHONEOS_DEPLOYMENT_TARGET = 13.0;
				LD_RUNPATH_SEARCH_PATHS = (
					"$(inherited)",
					"@executable_path/Frameworks",
				);
				PRODUCT_BUNDLE_IDENTIFIER = com.jaeson.WeatherBeats;
				PRODUCT_NAME = "$(TARGET_NAME)";
				SWIFT_VERSION = 5.0;
				TARGETED_DEVICE_FAMILY = "1,2";
			};
			name = Debug;
		};
		0D2A5A9C22F51612008E3390 /* Release */ = {
			isa = XCBuildConfiguration;
			buildSettings = {
				ASSETCATALOG_COMPILER_APPICON_NAME = AppIcon;
				CODE_SIGN_STYLE = Automatic;
				DEVELOPMENT_TEAM = N4RVL5CZJP;
				INFOPLIST_FILE = WeatherBeats/Info.plist;
				IPHONEOS_DEPLOYMENT_TARGET = 13.0;
				LD_RUNPATH_SEARCH_PATHS = (
					"$(inherited)",
					"@executable_path/Frameworks",
				);
				PRODUCT_BUNDLE_IDENTIFIER = com.jaeson.WeatherBeats;
				PRODUCT_NAME = "$(TARGET_NAME)";
				SWIFT_VERSION = 5.0;
				TARGETED_DEVICE_FAMILY = "1,2";
			};
			name = Release;
		};
		0D2A5A9E22F51612008E3390 /* Debug */ = {
			isa = XCBuildConfiguration;
			buildSettings = {
				ALWAYS_EMBED_SWIFT_STANDARD_LIBRARIES = YES;
				BUNDLE_LOADER = "$(TEST_HOST)";
				CODE_SIGN_STYLE = Automatic;
				INFOPLIST_FILE = WeatherBeatsTests/Info.plist;
				LD_RUNPATH_SEARCH_PATHS = (
					"$(inherited)",
					"@executable_path/Frameworks",
					"@loader_path/Frameworks",
				);
				PRODUCT_BUNDLE_IDENTIFIER = com.jaeson.WeatherBeatsTests;
				PRODUCT_NAME = "$(TARGET_NAME)";
				SWIFT_VERSION = 5.0;
				TARGETED_DEVICE_FAMILY = "1,2";
				TEST_HOST = "$(BUILT_PRODUCTS_DIR)/WeatherBeats.app/WeatherBeats";
			};
			name = Debug;
		};
		0D2A5A9F22F51612008E3390 /* Release */ = {
			isa = XCBuildConfiguration;
			buildSettings = {
				ALWAYS_EMBED_SWIFT_STANDARD_LIBRARIES = YES;
				BUNDLE_LOADER = "$(TEST_HOST)";
				CODE_SIGN_STYLE = Automatic;
				INFOPLIST_FILE = WeatherBeatsTests/Info.plist;
				LD_RUNPATH_SEARCH_PATHS = (
					"$(inherited)",
					"@executable_path/Frameworks",
					"@loader_path/Frameworks",
				);
				PRODUCT_BUNDLE_IDENTIFIER = com.jaeson.WeatherBeatsTests;
				PRODUCT_NAME = "$(TARGET_NAME)";
				SWIFT_VERSION = 5.0;
				TARGETED_DEVICE_FAMILY = "1,2";
				TEST_HOST = "$(BUILT_PRODUCTS_DIR)/WeatherBeats.app/WeatherBeats";
			};
			name = Release;
		};
		0D2A5AA122F51612008E3390 /* Debug */ = {
			isa = XCBuildConfiguration;
			buildSettings = {
				ALWAYS_EMBED_SWIFT_STANDARD_LIBRARIES = YES;
				CODE_SIGN_STYLE = Automatic;
				INFOPLIST_FILE = WeatherBeatsUITests/Info.plist;
				LD_RUNPATH_SEARCH_PATHS = (
					"$(inherited)",
					"@executable_path/Frameworks",
					"@loader_path/Frameworks",
				);
				PRODUCT_BUNDLE_IDENTIFIER = com.jaeson.WeatherBeatsUITests;
				PRODUCT_NAME = "$(TARGET_NAME)";
				SWIFT_VERSION = 5.0;
				TARGETED_DEVICE_FAMILY = "1,2";
				TEST_TARGET_NAME = WeatherBeats;
			};
			name = Debug;
		};
		0D2A5AA222F51612008E3390 /* Release */ = {
			isa = XCBuildConfiguration;
			buildSettings = {
				ALWAYS_EMBED_SWIFT_STANDARD_LIBRARIES = YES;
				CODE_SIGN_STYLE = Automatic;
				INFOPLIST_FILE = WeatherBeatsUITests/Info.plist;
				LD_RUNPATH_SEARCH_PATHS = (
					"$(inherited)",
					"@executable_path/Frameworks",
					"@loader_path/Frameworks",
				);
				PRODUCT_BUNDLE_IDENTIFIER = com.jaeson.WeatherBeatsUITests;
				PRODUCT_NAME = "$(TARGET_NAME)";
				SWIFT_VERSION = 5.0;
				TARGETED_DEVICE_FAMILY = "1,2";
				TEST_TARGET_NAME = WeatherBeats;
			};
			name = Release;
		};
/* End XCBuildConfiguration section */

/* Begin XCConfigurationList section */
		0D2A5A6B22F5160F008E3390 /* Build configuration list for PBXProject "WeatherBeats" */ = {
			isa = XCConfigurationList;
			buildConfigurations = (
				0D2A5A9822F51612008E3390 /* Debug */,
				0D2A5A9922F51612008E3390 /* Release */,
			);
			defaultConfigurationIsVisible = 0;
			defaultConfigurationName = Release;
		};
		0D2A5A9A22F51612008E3390 /* Build configuration list for PBXNativeTarget "WeatherBeats" */ = {
			isa = XCConfigurationList;
			buildConfigurations = (
				0D2A5A9B22F51612008E3390 /* Debug */,
				0D2A5A9C22F51612008E3390 /* Release */,
			);
			defaultConfigurationIsVisible = 0;
			defaultConfigurationName = Release;
		};
		0D2A5A9D22F51612008E3390 /* Build configuration list for PBXNativeTarget "WeatherBeatsTests" */ = {
			isa = XCConfigurationList;
			buildConfigurations = (
				0D2A5A9E22F51612008E3390 /* Debug */,
				0D2A5A9F22F51612008E3390 /* Release */,
			);
			defaultConfigurationIsVisible = 0;
			defaultConfigurationName = Release;
		};
		0D2A5AA022F51612008E3390 /* Build configuration list for PBXNativeTarget "WeatherBeatsUITests" */ = {
			isa = XCConfigurationList;
			buildConfigurations = (
				0D2A5AA122F51612008E3390 /* Debug */,
				0D2A5AA222F51612008E3390 /* Release */,
			);
			defaultConfigurationIsVisible = 0;
			defaultConfigurationName = Release;
		};
/* End XCConfigurationList section */
	};
	rootObject = 0D2A5A6822F5160F008E3390 /* Project object */;
}
